// !$*UTF8*$!
{
	archiveVersion = 1;
	classes = {
	};
	objectVersion = 46;
	objects = {

/* Begin PBXBuildFile section */
		9514335B1A880F8F006E8093 /* AppDelegate.swift in Sources */ = {isa = PBXBuildFile; fileRef = 9514335A1A880F8F006E8093 /* AppDelegate.swift */; };
		9514335D1A880F8F006E8093 /* GameScene.sks in Resources */ = {isa = PBXBuildFile; fileRef = 9514335C1A880F8F006E8093 /* GameScene.sks */; };
		9514335F1A880F8F006E8093 /* GameScene.swift in Sources */ = {isa = PBXBuildFile; fileRef = 9514335E1A880F8F006E8093 /* GameScene.swift */; };
		951433611A880F8F006E8093 /* GameViewController.swift in Sources */ = {isa = PBXBuildFile; fileRef = 951433601A880F8F006E8093 /* GameViewController.swift */; };
		951433641A880F8F006E8093 /* Main.storyboard in Resources */ = {isa = PBXBuildFile; fileRef = 951433621A880F8F006E8093 /* Main.storyboard */; };
		951433661A880F8F006E8093 /* Images.xcassets in Resources */ = {isa = PBXBuildFile; fileRef = 951433651A880F8F006E8093 /* Images.xcassets */; };
		951433691A880F8F006E8093 /* LaunchScreen.xib in Resources */ = {isa = PBXBuildFile; fileRef = 951433671A880F8F006E8093 /* LaunchScreen.xib */; };
		951433751A880F8F006E8093 /* MichiganHackersOneTapTests.swift in Sources */ = {isa = PBXBuildFile; fileRef = 951433741A880F8F006E8093 /* MichiganHackersOneTapTests.swift */; };
/* End PBXBuildFile section */

/* Begin PBXContainerItemProxy section */
		9514336F1A880F8F006E8093 /* PBXContainerItemProxy */ = {
			isa = PBXContainerItemProxy;
			containerPortal = 9514334D1A880F8F006E8093 /* Project object */;
			proxyType = 1;
			remoteGlobalIDString = 951433541A880F8F006E8093;
			remoteInfo = MichiganHackersOneTap;
		};
/* End PBXContainerItemProxy section */

/* Begin PBXFileReference section */
		951433551A880F8F006E8093 /* MichiganHackersOneTap.app */ = {isa = PBXFileReference; explicitFileType = wrapper.application; includeInIndex = 0; path = MichiganHackersOneTap.app; sourceTree = BUILT_PRODUCTS_DIR; };
		951433591A880F8F006E8093 /* Info.plist */ = {isa = PBXFileReference; lastKnownFileType = text.plist.xml; path = Info.plist; sourceTree = "<group>"; };
		9514335A1A880F8F006E8093 /* AppDelegate.swift */ = {isa = PBXFileReference; lastKnownFileType = sourcecode.swift; path = AppDelegate.swift; sourceTree = "<group>"; };
		9514335C1A880F8F006E8093 /* GameScene.sks */ = {isa = PBXFileReference; lastKnownFileType = file.sks; path = GameScene.sks; sourceTree = "<group>"; };
		9514335E1A880F8F006E8093 /* GameScene.swift */ = {isa = PBXFileReference; lastKnownFileType = sourcecode.swift; path = GameScene.swift; sourceTree = "<group>"; };
		951433601A880F8F006E8093 /* GameViewController.swift */ = {isa = PBXFileReference; lastKnownFileType = sourcecode.swift; path = GameViewController.swift; sourceTree = "<group>"; };
		951433631A880F8F006E8093 /* Base */ = {isa = PBXFileReference; lastKnownFileType = file.storyboard; name = Base; path = Base.lproj/Main.storyboard; sourceTree = "<group>"; };
		951433651A880F8F006E8093 /* Images.xcassets */ = {isa = PBXFileReference; lastKnownFileType = folder.assetcatalog; path = Images.xcassets; sourceTree = "<group>"; };
		951433681A880F8F006E8093 /* Base */ = {isa = PBXFileReference; lastKnownFileType = file.xib; name = Base; path = Base.lproj/LaunchScreen.xib; sourceTree = "<group>"; };
		9514336E1A880F8F006E8093 /* MichiganHackersOneTapTests.xctest */ = {isa = PBXFileReference; explicitFileType = wrapper.cfbundle; includeInIndex = 0; path = MichiganHackersOneTapTests.xctest; sourceTree = BUILT_PRODUCTS_DIR; };
		951433731A880F8F006E8093 /* Info.plist */ = {isa = PBXFileReference; lastKnownFileType = text.plist.xml; path = Info.plist; sourceTree = "<group>"; };
		951433741A880F8F006E8093 /* MichiganHackersOneTapTests.swift */ = {isa = PBXFileReference; lastKnownFileType = sourcecode.swift; path = MichiganHackersOneTapTests.swift; sourceTree = "<group>"; };
/* End PBXFileReference section */

/* Begin PBXFrameworksBuildPhase section */
		951433521A880F8F006E8093 /* Frameworks */ = {
			isa = PBXFrameworksBuildPhase;
			buildActionMask = 2147483647;
			files = (
			);
			runOnlyForDeploymentPostprocessing = 0;
		};
		9514336B1A880F8F006E8093 /* Frameworks */ = {
			isa = PBXFrameworksBuildPhase;
			buildActionMask = 2147483647;
			files = (
			);
			runOnlyForDeploymentPostprocessing = 0;
		};
/* End PBXFrameworksBuildPhase section */

/* Begin PBXGroup section */
		9514334C1A880F8F006E8093 = {
			isa = PBXGroup;
			children = (
				951433571A880F8F006E8093 /* MichiganHackersOneTap */,
				951433711A880F8F006E8093 /* MichiganHackersOneTapTests */,
				951433561A880F8F006E8093 /* Products */,
			);
			sourceTree = "<group>";
		};
		951433561A880F8F006E8093 /* Products */ = {
			isa = PBXGroup;
			children = (
				951433551A880F8F006E8093 /* MichiganHackersOneTap.app */,
				9514336E1A880F8F006E8093 /* MichiganHackersOneTapTests.xctest */,
			);
			name = Products;
			sourceTree = "<group>";
		};
		951433571A880F8F006E8093 /* MichiganHackersOneTap */ = {
			isa = PBXGroup;
			children = (
				9514335A1A880F8F006E8093 /* AppDelegate.swift */,
				9514335C1A880F8F006E8093 /* GameScene.sks */,
				9514335E1A880F8F006E8093 /* GameScene.swift */,
				951433601A880F8F006E8093 /* GameViewController.swift */,
				951433621A880F8F006E8093 /* Main.storyboard */,
				951433651A880F8F006E8093 /* Images.xcassets */,
				951433671A880F8F006E8093 /* LaunchScreen.xib */,
				951433581A880F8F006E8093 /* Supporting Files */,
			);
			path = MichiganHackersOneTap;
			sourceTree = "<group>";
		};
		951433581A880F8F006E8093 /* Supporting Files */ = {
			isa = PBXGroup;
			children = (
				951433591A880F8F006E8093 /* Info.plist */,
			);
			name = "Supporting Files";
			sourceTree = "<group>";
		};
		951433711A880F8F006E8093 /* MichiganHackersOneTapTests */ = {
			isa = PBXGroup;
			children = (
				951433741A880F8F006E8093 /* MichiganHackersOneTapTests.swift */,
				951433721A880F8F006E8093 /* Supporting Files */,
			);
			path = MichiganHackersOneTapTests;
			sourceTree = "<group>";
		};
		951433721A880F8F006E8093 /* Supporting Files */ = {
			isa = PBXGroup;
			children = (
				951433731A880F8F006E8093 /* Info.plist */,
			);
			name = "Supporting Files";
			sourceTree = "<group>";
		};
/* End PBXGroup section */

/* Begin PBXNativeTarget section */
		951433541A880F8F006E8093 /* MichiganHackersOneTap */ = {
			isa = PBXNativeTarget;
			buildConfigurationList = 951433781A880F8F006E8093 /* Build configuration list for PBXNativeTarget "MichiganHackersOneTap" */;
			buildPhases = (
				951433511A880F8F006E8093 /* Sources */,
				951433521A880F8F006E8093 /* Frameworks */,
				951433531A880F8F006E8093 /* Resources */,
			);
			buildRules = (
			);
			dependencies = (
			);
			name = MichiganHackersOneTap;
			productName = MichiganHackersOneTap;
			productReference = 951433551A880F8F006E8093 /* MichiganHackersOneTap.app */;
			productType = "com.apple.product-type.application";
		};
		9514336D1A880F8F006E8093 /* MichiganHackersOneTapTests */ = {
			isa = PBXNativeTarget;
			buildConfigurationList = 9514337B1A880F90006E8093 /* Build configuration list for PBXNativeTarget "MichiganHackersOneTapTests" */;
			buildPhases = (
				9514336A1A880F8F006E8093 /* Sources */,
				9514336B1A880F8F006E8093 /* Frameworks */,
				9514336C1A880F8F006E8093 /* Resources */,
			);
			buildRules = (
			);
			dependencies = (
				951433701A880F8F006E8093 /* PBXTargetDependency */,
			);
			name = MichiganHackersOneTapTests;
			productName = MichiganHackersOneTapTests;
			productReference = 9514336E1A880F8F006E8093 /* MichiganHackersOneTapTests.xctest */;
			productType = "com.apple.product-type.bundle.unit-test";
		};
/* End PBXNativeTarget section */

/* Begin PBXProject section */
		9514334D1A880F8F006E8093 /* Project object */ = {
			isa = PBXProject;
			attributes = {
				LastUpgradeCheck = 0610;
				ORGANIZATIONNAME = "Spruce Bondera";
				TargetAttributes = {
					951433541A880F8F006E8093 = {
						CreatedOnToolsVersion = 6.1.1;
					};
					9514336D1A880F8F006E8093 = {
						CreatedOnToolsVersion = 6.1.1;
						TestTargetID = 951433541A880F8F006E8093;
					};
				};
			};
			buildConfigurationList = 951433501A880F8F006E8093 /* Build configuration list for PBXProject "MichiganHackersOneTap" */;
			compatibilityVersion = "Xcode 3.2";
			developmentRegion = English;
			hasScannedForEncodings = 0;
			knownRegions = (
				en,
				Base,
			);
			mainGroup = 9514334C1A880F8F006E8093;
			productRefGroup = 951433561A880F8F006E8093 /* Products */;
			projectDirPath = "";
			projectRoot = "";
			targets = (
				951433541A880F8F006E8093 /* MichiganHackersOneTap */,
				9514336D1A880F8F006E8093 /* MichiganHackersOneTapTests */,
			);
		};
/* End PBXProject section */

/* Begin PBXResourcesBuildPhase section */
		951433531A880F8F006E8093 /* Resources */ = {
			isa = PBXResourcesBuildPhase;
			buildActionMask = 2147483647;
			files = (
				951433691A880F8F006E8093 /* LaunchScreen.xib in Resources */,
				951433661A880F8F006E8093 /* Images.xcassets in Resources */,
				9514335D1A880F8F006E8093 /* GameScene.sks in Resources */,
				951433641A880F8F006E8093 /* Main.storyboard in Resources */,
			);
			runOnlyForDeploymentPostprocessing = 0;
		};
		9514336C1A880F8F006E8093 /* Resources */ = {
			isa = PBXResourcesBuildPhase;
			buildActionMask = 2147483647;
			files = (
			);
			runOnlyForDeploymentPostprocessing = 0;
		};
/* End PBXResourcesBuildPhase section */

/* Begin PBXSourcesBuildPhase section */
		951433511A880F8F006E8093 /* Sources */ = {
			isa = PBXSourcesBuildPhase;
			buildActionMask = 2147483647;
			files = (
				9514335F1A880F8F006E8093 /* GameScene.swift in Sources */,
				951433611A880F8F006E8093 /* GameViewController.swift in Sources */,
				9514335B1A880F8F006E8093 /* AppDelegate.swift in Sources */,
			);
			runOnlyForDeploymentPostprocessing = 0;
		};
		9514336A1A880F8F006E8093 /* Sources */ = {
			isa = PBXSourcesBuildPhase;
			buildActionMask = 2147483647;
			files = (
				951433751A880F8F006E8093 /* MichiganHackersOneTapTests.swift in Sources */,
			);
			runOnlyForDeploymentPostprocessing = 0;
		};
/* End PBXSourcesBuildPhase section */

/* Begin PBXTargetDependency section */
		951433701A880F8F006E8093 /* PBXTargetDependency */ = {
			isa = PBXTargetDependency;
			target = 951433541A880F8F006E8093 /* MichiganHackersOneTap */;
			targetProxy = 9514336F1A880F8F006E8093 /* PBXContainerItemProxy */;
		};
/* End PBXTargetDependency section */

/* Begin PBXVariantGroup section */
		951433621A880F8F006E8093 /* Main.storyboard */ = {
			isa = PBXVariantGroup;
			children = (
				951433631A880F8F006E8093 /* Base */,
			);
			name = Main.storyboard;
			sourceTree = "<group>";
		};
		951433671A880F8F006E8093 /* LaunchScreen.xib */ = {
			isa = PBXVariantGroup;
			children = (
				951433681A880F8F006E8093 /* Base */,
			);
			name = LaunchScreen.xib;
			sourceTree = "<group>";
		};
/* End PBXVariantGroup section */

/* Begin XCBuildConfiguration section */
		951433761A880F8F006E8093 /* Debug */ = {
			isa = XCBuildConfiguration;
			buildSettings = {
				ALWAYS_SEARCH_USER_PATHS = NO;
				CLANG_CXX_LANGUAGE_STANDARD = "gnu++0x";
				CLANG_CXX_LIBRARY = "libc++";
				CLANG_ENABLE_MODULES = YES;
				CLANG_ENABLE_OBJC_ARC = YES;
				CLANG_WARN_BOOL_CONVERSION = YES;
				CLANG_WARN_CONSTANT_CONVERSION = YES;
				CLANG_WARN_DIRECT_OBJC_ISA_USAGE = YES_ERROR;
				CLANG_WARN_EMPTY_BODY = YES;
				CLANG_WARN_ENUM_CONVERSION = YES;
				CLANG_WARN_INT_CONVERSION = YES;
				CLANG_WARN_OBJC_ROOT_CLASS = YES_ERROR;
				CLANG_WARN_UNREACHABLE_CODE = YES;
				CLANG_WARN__DUPLICATE_METHOD_MATCH = YES;
				"CODE_SIGN_IDENTITY[sdk=iphoneos*]" = "iPhone Developer";
				COPY_PHASE_STRIP = NO;
				ENABLE_STRICT_OBJC_MSGSEND = YES;
				GCC_C_LANGUAGE_STANDARD = gnu99;
				GCC_DYNAMIC_NO_PIC = NO;
				GCC_OPTIMIZATION_LEVEL = 0;
				GCC_PREPROCESSOR_DEFINITIONS = (
					"DEBUG=1",
					"$(inherited)",
				);
				GCC_SYMBOLS_PRIVATE_EXTERN = NO;
				GCC_WARN_64_TO_32_BIT_CONVERSION = YES;
				GCC_WARN_ABOUT_RETURN_TYPE = YES_ERROR;
				GCC_WARN_UNDECLARED_SELECTOR = YES;
				GCC_WARN_UNINITIALIZED_AUTOS = YES_AGGRESSIVE;
				GCC_WARN_UNUSED_FUNCTION = YES;
				GCC_WARN_UNUSED_VARIABLE = YES;
				IPHONEOS_DEPLOYMENT_TARGET = 8.1;
				MTL_ENABLE_DEBUG_INFO = YES;
				ONLY_ACTIVE_ARCH = YES;
				SDKROOT = iphoneos;
				SWIFT_OPTIMIZATION_LEVEL = "-Onone";
			};
			name = Debug;
		};
		951433771A880F8F006E8093 /* Release */ = {
			isa = XCBuildConfiguration;
			buildSettings = {
				ALWAYS_SEARCH_USER_PATHS = NO;
				CLANG_CXX_LANGUAGE_STANDARD = "gnu++0x";
				CLANG_CXX_LIBRARY = "libc++";
				CLANG_ENABLE_MODULES = YES;
				CLANG_ENABLE_OBJC_ARC = YES;
				CLANG_WARN_BOOL_CONVERSION = YES;
				CLANG_WARN_CONSTANT_CONVERSION = YES;
				CLANG_WARN_DIRECT_OBJC_ISA_USAGE = YES_ERROR;
				CLANG_WARN_EMPTY_BODY = YES;
				CLANG_WARN_ENUM_CONVERSION = YES;
				CLANG_WARN_INT_CONVERSION = YES;
				CLANG_WARN_OBJC_ROOT_CLASS = YES_ERROR;
				CLANG_WARN_UNREACHABLE_CODE = YES;
				CLANG_WARN__DUPLICATE_METHOD_MATCH = YES;
				"CODE_SIGN_IDENTITY[sdk=iphoneos*]" = "iPhone Developer";
				COPY_PHASE_STRIP = YES;
				ENABLE_NS_ASSERTIONS = NO;
				ENABLE_STRICT_OBJC_MSGSEND = YES;
				GCC_C_LANGUAGE_STANDARD = gnu99;
				GCC_WARN_64_TO_32_BIT_CONVERSION = YES;
				GCC_WARN_ABOUT_RETURN_TYPE = YES_ERROR;
				GCC_WARN_UNDECLARED_SELECTOR = YES;
				GCC_WARN_UNINITIALIZED_AUTOS = YES_AGGRESSIVE;
				GCC_WARN_UNUSED_FUNCTION = YES;
				GCC_WARN_UNUSED_VARIABLE = YES;
				IPHONEOS_DEPLOYMENT_TARGET = 8.1;
				MTL_ENABLE_DEBUG_INFO = NO;
				SDKROOT = iphoneos;
				VALIDATE_PRODUCT = YES;
			};
			name = Release;
		};
		951433791A880F8F006E8093 /* Debug */ = {
			isa = XCBuildConfiguration;
			buildSettings = {
				ASSETCATALOG_COMPILER_APPICON_NAME = AppIcon;
				INFOPLIST_FILE = MichiganHackersOneTap/Info.plist;
				LD_RUNPATH_SEARCH_PATHS = "$(inherited) @executable_path/Frameworks";
				PRODUCT_NAME = "$(TARGET_NAME)";
			};
			name = Debug;
		};
		9514337A1A880F8F006E8093 /* Release */ = {
			isa = XCBuildConfiguration;
			buildSettings = {
				ASSETCATALOG_COMPILER_APPICON_NAME = AppIcon;
				INFOPLIST_FILE = MichiganHackersOneTap/Info.plist;
				LD_RUNPATH_SEARCH_PATHS = "$(inherited) @executable_path/Frameworks";
				PRODUCT_NAME = "$(TARGET_NAME)";
			};
			name = Release;
		};
		9514337C1A880F90006E8093 /* Debug */ = {
			isa = XCBuildConfiguration;
			buildSettings = {
				BUNDLE_LOADER = "$(TEST_HOST)";
				FRAMEWORK_SEARCH_PATHS = (
					"$(SDKROOT)/Developer/Library/Frameworks",
					"$(inherited)",
				);
				GCC_PREPROCESSOR_DEFINITIONS = (
					"DEBUG=1",
					"$(inherited)",
				);
				INFOPLIST_FILE = MichiganHackersOneTapTests/Info.plist;
				LD_RUNPATH_SEARCH_PATHS = "$(inherited) @executable_path/Frameworks @loader_path/Frameworks";
				PRODUCT_NAME = "$(TARGET_NAME)";
				TEST_HOST = "$(BUILT_PRODUCTS_DIR)/MichiganHackersOneTap.app/MichiganHackersOneTap";
			};
			name = Debug;
		};
		9514337D1A880F90006E8093 /* Release */ = {
			isa = XCBuildConfiguration;
			buildSettings = {
				BUNDLE_LOADER = "$(TEST_HOST)";
				FRAMEWORK_SEARCH_PATHS = (
					"$(SDKROOT)/Developer/Library/Frameworks",
					"$(inherited)",
				);
				INFOPLIST_FILE = MichiganHackersOneTapTests/Info.plist;
				LD_RUNPATH_SEARCH_PATHS = "$(inherited) @executable_path/Frameworks @loader_path/Frameworks";
				PRODUCT_NAME = "$(TARGET_NAME)";
				TEST_HOST = "$(BUILT_PRODUCTS_DIR)/MichiganHackersOneTap.app/MichiganHackersOneTap";
			};
			name = Release;
		};
/* End XCBuildConfiguration section */

/* Begin XCConfigurationList section */
		951433501A880F8F006E8093 /* Build configuration list for PBXProject "MichiganHackersOneTap" */ = {
			isa = XCConfigurationList;
			buildConfigurations = (
				951433761A880F8F006E8093 /* Debug */,
				951433771A880F8F006E8093 /* Release */,
			);
			defaultConfigurationIsVisible = 0;
			defaultConfigurationName = Release;
		};
		951433781A880F8F006E8093 /* Build configuration list for PBXNativeTarget "MichiganHackersOneTap" */ = {
			isa = XCConfigurationList;
			buildConfigurations = (
				951433791A880F8F006E8093 /* Debug */,
				9514337A1A880F8F006E8093 /* Release */,
			);
			defaultConfigurationIsVisible = 0;
		};
		9514337B1A880F90006E8093 /* Build configuration list for PBXNativeTarget "MichiganHackersOneTapTests" */ = {
			isa = XCConfigurationList;
			buildConfigurations = (
				9514337C1A880F90006E8093 /* Debug */,
				9514337D1A880F90006E8093 /* Release */,
			);
			defaultConfigurationIsVisible = 0;
		};
/* End XCConfigurationList section */
	};
	rootObject = 9514334D1A880F8F006E8093 /* Project object */;
}
